{
  "nodes": {
    "nixpkgs": {
      "locked": {
        "lastModified": 1786862985,
        "narHash": "sha256-kSR/jfpR4cE26YRZ8exQkoRbEA30vyWimajwZANYYaE=",
        "rev": "e5bdc4a41d4c072fe1e3787eaa0320a384741d44",
        "type": "tarball",
        "url": "https://releases.nixos.org/nixos/unstable/nixos-26.11pre1055335.e5bdc4a41d4c/nixexprs.tar.xz"
      },
      "original": {
        "type": "tarball",
        "url": "https://channels.nixos.org/nixos-unstable/nixexprs.tar.xz"
      }
    },
    "root": {
      "inputs": {
        "nixpkgs": "nixpkgs"
      }
    }
  },
  "root": "root",
  "version": 7
}
